
Microsoft Visual Studio Solution File, Format Version 12.00
# Visual Studio Version 17
VisualStudioVersion = 17.14.36310.24 d17.14
MinimumVisualStudioVersion = 10.0.40219.1
Project("{FAE04EC0-301F-11D3-BF4B-00C04F79EFBC}") = "SEMANA1_C#", "SEMANA1_C#\SEMANA1_C#.csproj", "{66B3FF7B-14F7-41B9-BE9F-92A9893275F9}"
EndProject
Project("{888888A0-9F3D-457C-B088-3A5042F75D52}") = "SEMANA1_PHYTON", "SEMANA1_PHYTON\SEMANA1_PHYTON.pyproj", "{0D1C9AEB-00FD-4CD8-9DDF-28B387BCA89B}"
EndProject
Global
	GlobalSection(SolutionConfigurationPlatforms) = preSolution
		Debug|Any CPU = Debug|Any CPU
		Release|Any CPU = Release|Any CPU
	EndGlobalSection
	GlobalSection(ProjectConfigurationPlatforms) = postSolution
		{66B3FF7B-14F7-41B9-BE9F-92A9893275F9}.Debug|Any CPU.ActiveCfg = Debug|Any CPU
		{66B3FF7B-14F7-41B9-BE9F-92A9893275F9}.Debug|Any CPU.Build.0 = Debug|Any CPU
		{66B3FF7B-14F7-41B9-BE9F-92A9893275F9}.Release|Any CPU.ActiveCfg = Release|Any CPU
		{66B3FF7B-14F7-41B9-BE9F-92A9893275F9}.Release|Any CPU.Build.0 = Release|Any CPU
		{0D1C9AEB-00FD-4CD8-9DDF-28B387BCA89B}.Debug|Any CPU.ActiveCfg = Debug|Any CPU
		{0D1C9AEB-00FD-4CD8-9DDF-28B387BCA89B}.Release|Any CPU.ActiveCfg = Release|Any CPU
	EndGlobalSection
	GlobalSection(SolutionProperties) = preSolution
		HideSolutionNode = FALSE
	EndGlobalSection
	GlobalSection(ExtensibilityGlobals) = postSolution
		SolutionGuid = {E3FDF9EC-4887-4A86-9A12-A95304FB66DC}
	EndGlobalSection
EndGlobal
